
Microsoft Visual Studio Solution File, Format Version 12.00
# Visual Studio Version 17
VisualStudioVersion = 17.11.35303.130
MinimumVisualStudioVersion = 10.0.40219.1
Project("{9A19103F-16F7-4668-BE54-9A1E7A4F7556}") = "SGT10EJ2", "SGT10EJ2\SGT10EJ2.csproj", "{262CDA28-3E2C-4AD8-9F3C-B924A260AAA7}"
EndProject
Project("{9A19103F-16F7-4668-BE54-9A1E7A4F7556}") = "DAL", "DAL\DAL.csproj", "{F08BE61D-C026-41F6-B651-2BC7457D23DE}"
EndProject
Project("{9A19103F-16F7-4668-BE54-9A1E7A4F7556}") = "ENT", "ENT\ENT.csproj", "{B3D254EC-4ACC-487A-8DAB-6391EB28FD66}"
EndProject
Project("{FAE04EC0-301F-11D3-BF4B-00C04F79EFBC}") = "LISTADOMAUI", "LISTADOMAUI\LISTADOMAUI.csproj", "{022E2E7D-E695-4238-BB66-F588343D38E8}"
EndProject
Global
	GlobalSection(SolutionConfigurationPlatforms) = preSolution
		Debug|Any CPU = Debug|Any CPU
		Release|Any CPU = Release|Any CPU
	EndGlobalSection
	GlobalSection(ProjectConfigurationPlatforms) = postSolution
		{262CDA28-3E2C-4AD8-9F3C-B924A260AAA7}.Debug|Any CPU.ActiveCfg = Debug|Any CPU
		{262CDA28-3E2C-4AD8-9F3C-B924A260AAA7}.Debug|Any CPU.Build.0 = Debug|Any CPU
		{262CDA28-3E2C-4AD8-9F3C-B924A260AAA7}.Release|Any CPU.ActiveCfg = Release|Any CPU
		{262CDA28-3E2C-4AD8-9F3C-B924A260AAA7}.Release|Any CPU.Build.0 = Release|Any CPU
		{F08BE61D-C026-41F6-B651-2BC7457D23DE}.Debug|Any CPU.ActiveCfg = Debug|Any CPU
		{F08BE61D-C026-41F6-B651-2BC7457D23DE}.Debug|Any CPU.Build.0 = Debug|Any CPU
		{F08BE61D-C026-41F6-B651-2BC7457D23DE}.Release|Any CPU.ActiveCfg = Release|Any CPU
		{F08BE61D-C026-41F6-B651-2BC7457D23DE}.Release|Any CPU.Build.0 = Release|Any CPU
		{B3D254EC-4ACC-487A-8DAB-6391EB28FD66}.Debug|Any CPU.ActiveCfg = Debug|Any CPU
		{B3D254EC-4ACC-487A-8DAB-6391EB28FD66}.Debug|Any CPU.Build.0 = Debug|Any CPU
		{B3D254EC-4ACC-487A-8DAB-6391EB28FD66}.Release|Any CPU.ActiveCfg = Release|Any CPU
		{B3D254EC-4ACC-487A-8DAB-6391EB28FD66}.Release|Any CPU.Build.0 = Release|Any CPU
		{022E2E7D-E695-4238-BB66-F588343D38E8}.Debug|Any CPU.ActiveCfg = Debug|Any CPU
		{022E2E7D-E695-4238-BB66-F588343D38E8}.Debug|Any CPU.Build.0 = Debug|Any CPU
		{022E2E7D-E695-4238-BB66-F588343D38E8}.Debug|Any CPU.Deploy.0 = Debug|Any CPU
		{022E2E7D-E695-4238-BB66-F588343D38E8}.Release|Any CPU.ActiveCfg = Release|Any CPU
		{022E2E7D-E695-4238-BB66-F588343D38E8}.Release|Any CPU.Build.0 = Release|Any CPU
		{022E2E7D-E695-4238-BB66-F588343D38E8}.Release|Any CPU.Deploy.0 = Release|Any CPU
	EndGlobalSection
	GlobalSection(SolutionProperties) = preSolution
		HideSolutionNode = FALSE
	EndGlobalSection
	GlobalSection(ExtensibilityGlobals) = postSolution
		SolutionGuid = {3D3F8728-F360-4E9F-85D1-49F56C1F051E}
	EndGlobalSection
EndGlobal
